// !$*UTF8*$!
{
	archiveVersion = 1;
	classes = {
	};
	objectVersion = 46;
	objects = {

/* Begin PBXBuildFile section */
		C9D995D21E01309F009BDBDF /* AppDelegate.m in Sources */ = {isa = PBXBuildFile; fileRef = C9D995D11E01309F009BDBDF /* AppDelegate.m */; };
		C9D995D51E01309F009BDBDF /* main.m in Sources */ = {isa = PBXBuildFile; fileRef = C9D995D41E01309F009BDBDF /* main.m */; };
		C9D995D71E01309F009BDBDF /* Assets.xcassets in Resources */ = {isa = PBXBuildFile; fileRef = C9D995D61E01309F009BDBDF /* Assets.xcassets */; };
		C9D995DA1E0130A1009BDBDF /* MainMenu.xib in Resources */ = {isa = PBXBuildFile; fileRef = C9D995D81E0130A1009BDBDF /* MainMenu.xib */; };
		C9D995E81E0146AD009BDBDF /* ColorPickerWindowController.m in Sources */ = {isa = PBXBuildFile; fileRef = C9D995E61E0146AD009BDBDF /* ColorPickerWindowController.m */; };
		C9D995E91E0146AD009BDBDF /* ColorPickerWindowController.xib in Resources */ = {isa = PBXBuildFile; fileRef = C9D995E71E0146AD009BDBDF /* ColorPickerWindowController.xib */; };
		C9D995EC1E0146D2009BDBDF /* Color.m in Sources */ = {isa = PBXBuildFile; fileRef = C9D995EB1E0146D2009BDBDF /* Color.m */; };
		C9D995EF1E0146F2009BDBDF /* ColorPickerViewModel.m in Sources */ = {isa = PBXBuildFile; fileRef = C9D995EE1E0146F2009BDBDF /* ColorPickerViewModel.m */; };
		C9D995F21E014720009BDBDF /* ColorPicker.m in Sources */ = {isa = PBXBuildFile; fileRef = C9D995F11E014720009BDBDF /* ColorPicker.m */; };
		C9D995F61E01481E009BDBDF /* Utils.m in Sources */ = {isa = PBXBuildFile; fileRef = C9D995F51E01481E009BDBDF /* Utils.m */; };
		C9D995FC1E0149FB009BDBDF /* BaseView.m in Sources */ = {isa = PBXBuildFile; fileRef = C9D995FB1E0149FB009BDBDF /* BaseView.m */; };
		C9D995FF1E01BED5009BDBDF /* screen_shoot.png in Resources */ = {isa = PBXBuildFile; fileRef = C9D995FE1E01BED5009BDBDF /* screen_shoot.png */; };
/* End PBXBuildFile section */

/* Begin PBXFileReference section */
		C9D995CD1E01309E009BDBDF /* ColorPicker.app */ = {isa = PBXFileReference; explicitFileType = wrapper.application; includeInIndex = 0; path = ColorPicker.app; sourceTree = BUILT_PRODUCTS_DIR; };
		C9D995D01E01309F009BDBDF /* AppDelegate.h */ = {isa = PBXFileReference; lastKnownFileType = sourcecode.c.h; path = AppDelegate.h; sourceTree = "<group>"; };
		C9D995D11E01309F009BDBDF /* AppDelegate.m */ = {isa = PBXFileReference; lastKnownFileType = sourcecode.c.objc; path = AppDelegate.m; sourceTree = "<group>"; };
		C9D995D41E01309F009BDBDF /* main.m */ = {isa = PBXFileReference; lastKnownFileType = sourcecode.c.objc; path = main.m; sourceTree = "<group>"; };
		C9D995D61E01309F009BDBDF /* Assets.xcassets */ = {isa = PBXFileReference; lastKnownFileType = folder.assetcatalog; path = Assets.xcassets; sourceTree = "<group>"; };
		C9D995D91E0130A1009BDBDF /* Base */ = {isa = PBXFileReference; lastKnownFileType = file.xib; name = Base; path = Base.lproj/MainMenu.xib; sourceTree = "<group>"; };
		C9D995DB1E0130A1009BDBDF /* Info.plist */ = {isa = PBXFileReference; lastKnownFileType = text.plist.xml; path = Info.plist; sourceTree = "<group>"; };
		C9D995E51E0146AD009BDBDF /* ColorPickerWindowController.h */ = {isa = PBXFileReference; fileEncoding = 4; lastKnownFileType = sourcecode.c.h; path = ColorPickerWindowController.h; sourceTree = "<group>"; };
		C9D995E61E0146AD009BDBDF /* ColorPickerWindowController.m */ = {isa = PBXFileReference; fileEncoding = 4; lastKnownFileType = sourcecode.c.objc; path = ColorPickerWindowController.m; sourceTree = "<group>"; };
		C9D995E71E0146AD009BDBDF /* ColorPickerWindowController.xib */ = {isa = PBXFileReference; fileEncoding = 4; lastKnownFileType = file.xib; path = ColorPickerWindowController.xib; sourceTree = "<group>"; };
		C9D995EA1E0146D2009BDBDF /* Color.h */ = {isa = PBXFileReference; fileEncoding = 4; lastKnownFileType = sourcecode.c.h; path = Color.h; sourceTree = "<group>"; };
		C9D995EB1E0146D2009BDBDF /* Color.m */ = {isa = PBXFileReference; fileEncoding = 4; lastKnownFileType = sourcecode.c.objc; path = Color.m; sourceTree = "<group>"; };
		C9D995ED1E0146F2009BDBDF /* ColorPickerViewModel.h */ = {isa = PBXFileReference; fileEncoding = 4; lastKnownFileType = sourcecode.c.h; path = ColorPickerViewModel.h; sourceTree = "<group>"; };
		C9D995EE1E0146F2009BDBDF /* ColorPickerViewModel.m */ = {isa = PBXFileReference; fileEncoding = 4; lastKnownFileType = sourcecode.c.objc; path = ColorPickerViewModel.m; sourceTree = "<group>"; };
		C9D995F01E014720009BDBDF /* ColorPicker.h */ = {isa = PBXFileReference; fileEncoding = 4; lastKnownFileType = sourcecode.c.h; path = ColorPicker.h; sourceTree = "<group>"; };
		C9D995F11E014720009BDBDF /* ColorPicker.m */ = {isa = PBXFileReference; fileEncoding = 4; lastKnownFileType = sourcecode.c.objc; path = ColorPicker.m; sourceTree = "<group>"; };
		C9D995F41E01481E009BDBDF /* Utils.h */ = {isa = PBXFileReference; fileEncoding = 4; lastKnownFileType = sourcecode.c.h; path = Utils.h; sourceTree = "<group>"; };
		C9D995F51E01481E009BDBDF /* Utils.m */ = {isa = PBXFileReference; fileEncoding = 4; lastKnownFileType = sourcecode.c.objc; path = Utils.m; sourceTree = "<group>"; };
		C9D995F71E01487F009BDBDF /* CommonMacro.h */ = {isa = PBXFileReference; lastKnownFileType = sourcecode.c.h; path = CommonMacro.h; sourceTree = "<group>"; };
		C9D995FA1E0149FB009BDBDF /* BaseView.h */ = {isa = PBXFileReference; fileEncoding = 4; lastKnownFileType = sourcecode.c.h; path = BaseView.h; sourceTree = "<group>"; };
		C9D995FB1E0149FB009BDBDF /* BaseView.m */ = {isa = PBXFileReference; fileEncoding = 4; lastKnownFileType = sourcecode.c.objc; path = BaseView.m; sourceTree = "<group>"; };
		C9D995FE1E01BED5009BDBDF /* screen_shoot.png */ = {isa = PBXFileReference; lastKnownFileType = image.png; path = screen_shoot.png; sourceTree = "<group>"; };
/* End PBXFileReference section */

/* Begin PBXFrameworksBuildPhase section */
		C9D995CA1E01309E009BDBDF /* Frameworks */ = {
			isa = PBXFrameworksBuildPhase;
			buildActionMask = 2147483647;
			files = (
			);
			runOnlyForDeploymentPostprocessing = 0;
		};
/* End PBXFrameworksBuildPhase section */

/* Begin PBXGroup section */
		C9D995C41E01309E009BDBDF = {
			isa = PBXGroup;
			children = (
				C9D995F81E01499C009BDBDF /* Common */,
				C9D995CF1E01309F009BDBDF /* ColorPicker */,
				C9D995CE1E01309E009BDBDF /* Products */,
			);
			sourceTree = "<group>";
		};
		C9D995CE1E01309E009BDBDF /* Products */ = {
			isa = PBXGroup;
			children = (
				C9D995CD1E01309E009BDBDF /* ColorPicker.app */,
			);
			name = Products;
			sourceTree = "<group>";
		};
		C9D995CF1E01309F009BDBDF /* ColorPicker */ = {
			isa = PBXGroup;
			children = (
				C9D995E11E01462A009BDBDF /* WindowController */,
				C9D995E41E014656009BDBDF /* View */,
				C9D995E21E014641009BDBDF /* Model */,
				C9D995E31E01464C009BDBDF /* ViewModel */,
				C9D995D01E01309F009BDBDF /* AppDelegate.h */,
				C9D995D11E01309F009BDBDF /* AppDelegate.m */,
				C9D995D61E01309F009BDBDF /* Assets.xcassets */,
				C9D995D81E0130A1009BDBDF /* MainMenu.xib */,
				C9D995DB1E0130A1009BDBDF /* Info.plist */,
				C9D995D31E01309F009BDBDF /* Supporting Files */,
			);
			path = ColorPicker;
			sourceTree = "<group>";
		};
		C9D995D31E01309F009BDBDF /* Supporting Files */ = {
			isa = PBXGroup;
			children = (
				C9D995D41E01309F009BDBDF /* main.m */,
			);
			name = "Supporting Files";
			sourceTree = "<group>";
		};
		C9D995E11E01462A009BDBDF /* WindowController */ = {
			isa = PBXGroup;
			children = (
				C9D995E51E0146AD009BDBDF /* ColorPickerWindowController.h */,
				C9D995E61E0146AD009BDBDF /* ColorPickerWindowController.m */,
				C9D995E71E0146AD009BDBDF /* ColorPickerWindowController.xib */,
			);
			name = WindowController;
			sourceTree = "<group>";
		};
		C9D995E21E014641009BDBDF /* Model */ = {
			isa = PBXGroup;
			children = (
				C9D995EA1E0146D2009BDBDF /* Color.h */,
				C9D995EB1E0146D2009BDBDF /* Color.m */,
			);
			name = Model;
			sourceTree = "<group>";
		};
		C9D995E31E01464C009BDBDF /* ViewModel */ = {
			isa = PBXGroup;
			children = (
				C9D995ED1E0146F2009BDBDF /* ColorPickerViewModel.h */,
				C9D995EE1E0146F2009BDBDF /* ColorPickerViewModel.m */,
			);
			name = ViewModel;
			sourceTree = "<group>";
		};
		C9D995E41E014656009BDBDF /* View */ = {
			isa = PBXGroup;
			children = (
				C9D995F01E014720009BDBDF /* ColorPicker.h */,
				C9D995F11E014720009BDBDF /* ColorPicker.m */,
			);
			name = View;
			sourceTree = "<group>";
		};
		C9D995F31E01480A009BDBDF /* Utils */ = {
			isa = PBXGroup;
			children = (
				C9D995F41E01481E009BDBDF /* Utils.h */,
				C9D995F51E01481E009BDBDF /* Utils.m */,
				C9D995F71E01487F009BDBDF /* CommonMacro.h */,
			);
			name = Utils;
			path = ColorPicker;
			sourceTree = "<group>";
		};
		C9D995F81E01499C009BDBDF /* Common */ = {
			isa = PBXGroup;
			children = (
				C9D995FD1E01BEBE009BDBDF /* ImageRes */,
				C9D995F91E0149A7009BDBDF /* View */,
				C9D995F31E01480A009BDBDF /* Utils */,
			);
			name = Common;
			sourceTree = "<group>";
		};
		C9D995F91E0149A7009BDBDF /* View */ = {
			isa = PBXGroup;
			children = (
				C9D995FA1E0149FB009BDBDF /* BaseView.h */,
				C9D995FB1E0149FB009BDBDF /* BaseView.m */,
			);
			name = View;
			sourceTree = "<group>";
		};
		C9D995FD1E01BEBE009BDBDF /* ImageRes */ = {
			isa = PBXGroup;
			children = (
				C9D995FE1E01BED5009BDBDF /* screen_shoot.png */,
			);
			name = ImageRes;
			path = ColorPicker;
			sourceTree = "<group>";
		};
/* End PBXGroup section */

/* Begin PBXNativeTarget section */
		C9D995CC1E01309E009BDBDF /* ColorPicker */ = {
			isa = PBXNativeTarget;
			buildConfigurationList = C9D995DE1E0130A2009BDBDF /* Build configuration list for PBXNativeTarget "ColorPicker" */;
			buildPhases = (
				C9D995C91E01309E009BDBDF /* Sources */,
				C9D995CA1E01309E009BDBDF /* Frameworks */,
				C9D995CB1E01309E009BDBDF /* Resources */,
			);
			buildRules = (
			);
			dependencies = (
			);
			name = ColorPicker;
			productName = ColorPicker;
			productReference = C9D995CD1E01309E009BDBDF /* ColorPicker.app */;
			productType = "com.apple.product-type.application";
		};
/* End PBXNativeTarget section */

/* Begin PBXProject section */
		C9D995C51E01309E009BDBDF /* Project object */ = {
			isa = PBXProject;
			attributes = {
				LastUpgradeCheck = 0810;
				ORGANIZATIONNAME = Start;
				TargetAttributes = {
					C9D995CC1E01309E009BDBDF = {
						CreatedOnToolsVersion = 8.1;
						ProvisioningStyle = Automatic;
					};
				};
			};
			buildConfigurationList = C9D995C81E01309E009BDBDF /* Build configuration list for PBXProject "ColorPicker" */;
			compatibilityVersion = "Xcode 3.2";
			developmentRegion = English;
			hasScannedForEncodings = 0;
			knownRegions = (
				en,
				Base,
			);
			mainGroup = C9D995C41E01309E009BDBDF;
			productRefGroup = C9D995CE1E01309E009BDBDF /* Products */;
			projectDirPath = "";
			projectRoot = "";
			targets = (
				C9D995CC1E01309E009BDBDF /* ColorPicker */,
			);
		};
/* End PBXProject section */

/* Begin PBXResourcesBuildPhase section */
		C9D995CB1E01309E009BDBDF /* Resources */ = {
			isa = PBXResourcesBuildPhase;
			buildActionMask = 2147483647;
			files = (
				C9D995E91E0146AD009BDBDF /* ColorPickerWindowController.xib in Resources */,
				C9D995D71E01309F009BDBDF /* Assets.xcassets in Resources */,
				C9D995DA1E0130A1009BDBDF /* MainMenu.xib in Resources */,
				C9D995FF1E01BED5009BDBDF /* screen_shoot.png in Resources */,
			);
			runOnlyForDeploymentPostprocessing = 0;
		};
/* End PBXResourcesBuildPhase section */

/* Begin PBXSourcesBuildPhase section */
		C9D995C91E01309E009BDBDF /* Sources */ = {
			isa = PBXSourcesBuildPhase;
			buildActionMask = 2147483647;
			files = (
				C9D995D51E01309F009BDBDF /* main.m in Sources */,
				C9D995EC1E0146D2009BDBDF /* Color.m in Sources */,
				C9D995D21E01309F009BDBDF /* AppDelegate.m in Sources */,
				C9D995FC1E0149FB009BDBDF /* BaseView.m in Sources */,
				C9D995E81E0146AD009BDBDF /* ColorPickerWindowController.m in Sources */,
				C9D995EF1E0146F2009BDBDF /* ColorPickerViewModel.m in Sources */,
				C9D995F61E01481E009BDBDF /* Utils.m in Sources */,
				C9D995F21E014720009BDBDF /* ColorPicker.m in Sources */,
			);
			runOnlyForDeploymentPostprocessing = 0;
		};
/* End PBXSourcesBuildPhase section */

/* Begin PBXVariantGroup section */
		C9D995D81E0130A1009BDBDF /* MainMenu.xib */ = {
			isa = PBXVariantGroup;
			children = (
				C9D995D91E0130A1009BDBDF /* Base */,
			);
			name = MainMenu.xib;
			sourceTree = "<group>";
		};
/* End PBXVariantGroup section */

/* Begin XCBuildConfiguration section */
		C9D995DC1E0130A1009BDBDF /* Debug */ = {
			isa = XCBuildConfiguration;
			buildSettings = {
				ALWAYS_SEARCH_USER_PATHS = NO;
				CLANG_ANALYZER_NONNULL = YES;
				CLANG_CXX_LANGUAGE_STANDARD = "gnu++0x";
				CLANG_CXX_LIBRARY = "libc++";
				CLANG_ENABLE_MODULES = YES;
				CLANG_ENABLE_OBJC_ARC = YES;
				CLANG_WARN_BOOL_CONVERSION = YES;
				CLANG_WARN_CONSTANT_CONVERSION = YES;
				CLANG_WARN_DIRECT_OBJC_ISA_USAGE = YES_ERROR;
				CLANG_WARN_DOCUMENTATION_COMMENTS = YES;
				CLANG_WARN_EMPTY_BODY = YES;
				CLANG_WARN_ENUM_CONVERSION = YES;
				CLANG_WARN_INFINITE_RECURSION = YES;
				CLANG_WARN_INT_CONVERSION = YES;
				CLANG_WARN_OBJC_ROOT_CLASS = YES_ERROR;
				CLANG_WARN_SUSPICIOUS_MOVES = YES;
				CLANG_WARN_UNREACHABLE_CODE = YES;
				CLANG_WARN__DUPLICATE_METHOD_MATCH = YES;
				CODE_SIGN_IDENTITY = "-";
				COPY_PHASE_STRIP = NO;
				DEBUG_INFORMATION_FORMAT = dwarf;
				ENABLE_STRICT_OBJC_MSGSEND = YES;
				ENABLE_TESTABILITY = YES;
				GCC_C_LANGUAGE_STANDARD = gnu99;
				GCC_DYNAMIC_NO_PIC = NO;
				GCC_NO_COMMON_BLOCKS = YES;
				GCC_OPTIMIZATION_LEVEL = 0;
				GCC_PREPROCESSOR_DEFINITIONS = (
					"DEBUG=1",
					"$(inherited)",
				);
				GCC_WARN_64_TO_32_BIT_CONVERSION = YES;
				GCC_WARN_ABOUT_RETURN_TYPE = YES_ERROR;
				GCC_WARN_UNDECLARED_SELECTOR = YES;
				GCC_WARN_UNINITIALIZED_AUTOS = YES_AGGRESSIVE;
				GCC_WARN_UNUSED_FUNCTION = YES;
				GCC_WARN_UNUSED_VARIABLE = YES;
				MACOSX_DEPLOYMENT_TARGET = 10.12;
				MTL_ENABLE_DEBUG_INFO = YES;
				ONLY_ACTIVE_ARCH = YES;
				SDKROOT = macosx;
			};
			name = Debug;
		};
		C9D995DD1E0130A1009BDBDF /* Release */ = {
			isa = XCBuildConfiguration;
			buildSettings = {
				ALWAYS_SEARCH_USER_PATHS = NO;
				CLANG_ANALYZER_NONNULL = YES;
				CLANG_CXX_LANGUAGE_STANDARD = "gnu++0x";
				CLANG_CXX_LIBRARY = "libc++";
				CLANG_ENABLE_MODULES = YES;
				CLANG_ENABLE_OBJC_ARC = YES;
				CLANG_WARN_BOOL_CONVERSION = YES;
				CLANG_WARN_CONSTANT_CONVERSION = YES;
				CLANG_WARN_DIRECT_OBJC_ISA_USAGE = YES_ERROR;
				CLANG_WARN_DOCUMENTATION_COMMENTS = YES;
				CLANG_WARN_EMPTY_BODY = YES;
				CLANG_WARN_ENUM_CONVERSION = YES;
				CLANG_WARN_INFINITE_RECURSION = YES;
				CLANG_WARN_INT_CONVERSION = YES;
				CLANG_WARN_OBJC_ROOT_CLASS = YES_ERROR;
				CLANG_WARN_SUSPICIOUS_MOVES = YES;
				CLANG_WARN_UNREACHABLE_CODE = YES;
				CLANG_WARN__DUPLICATE_METHOD_MATCH = YES;
				CODE_SIGN_IDENTITY = "-";
				COPY_PHASE_STRIP = NO;
				DEBUG_INFORMATION_FORMAT = "dwarf-with-dsym";
				ENABLE_NS_ASSERTIONS = NO;
				ENABLE_STRICT_OBJC_MSGSEND = YES;
				GCC_C_LANGUAGE_STANDARD = gnu99;
				GCC_NO_COMMON_BLOCKS = YES;
				GCC_WARN_64_TO_32_BIT_CONVERSION = YES;
				GCC_WARN_ABOUT_RETURN_TYPE = YES_ERROR;
				GCC_WARN_UNDECLARED_SELECTOR = YES;
				GCC_WARN_UNINITIALIZED_AUTOS = YES_AGGRESSIVE;
				GCC_WARN_UNUSED_FUNCTION = YES;
				GCC_WARN_UNUSED_VARIABLE = YES;
				MACOSX_DEPLOYMENT_TARGET = 10.12;
				MTL_ENABLE_DEBUG_INFO = NO;
				SDKROOT = macosx;
			};
			name = Release;
		};
		C9D995DF1E0130A2009BDBDF /* Debug */ = {
			isa = XCBuildConfiguration;
			buildSettings = {
				ASSETCATALOG_COMPILER_APPICON_NAME = AppIcon;
				COMBINE_HIDPI_IMAGES = YES;
				INFOPLIST_FILE = ColorPicker/Info.plist;
				LD_RUNPATH_SEARCH_PATHS = "$(inherited) @executable_path/../Frameworks";
				PRODUCT_BUNDLE_IDENTIFIER = com.start.ColorPicker;
				PRODUCT_NAME = "$(TARGET_NAME)";
			};
			name = Debug;
		};
		C9D995E01E0130A2009BDBDF /* Release */ = {
			isa = XCBuildConfiguration;
			buildSettings = {
				ASSETCATALOG_COMPILER_APPICON_NAME = AppIcon;
				COMBINE_HIDPI_IMAGES = YES;
				INFOPLIST_FILE = ColorPicker/Info.plist;
				LD_RUNPATH_SEARCH_PATHS = "$(inherited) @executable_path/../Frameworks";
				PRODUCT_BUNDLE_IDENTIFIER = com.start.ColorPicker;
				PRODUCT_NAME = "$(TARGET_NAME)";
			};
			name = Release;
		};
/* End XCBuildConfiguration section */

/* Begin XCConfigurationList section */
		C9D995C81E01309E009BDBDF /* Build configuration list for PBXProject "ColorPicker" */ = {
			isa = XCConfigurationList;
			buildConfigurations = (
				C9D995DC1E0130A1009BDBDF /* Debug */,
				C9D995DD1E0130A1009BDBDF /* Release */,
			);
			defaultConfigurationIsVisible = 0;
			defaultConfigurationName = Release;
		};
		C9D995DE1E0130A2009BDBDF /* Build configuration list for PBXNativeTarget "ColorPicker" */ = {
			isa = XCConfigurationList;
			buildConfigurations = (
				C9D995DF1E0130A2009BDBDF /* Debug */,
				C9D995E01E0130A2009BDBDF /* Release */,
			);
			defaultConfigurationIsVisible = 0;
		};
/* End XCConfigurationList section */
	};
	rootObject = C9D995C51E01309E009BDBDF /* Project object */;
}
